{
  "name": "modern_java",
  "version": "1.0.0",
  "lockfileVersion": 1,
  "requires": true,
  "dependencies": {
    "dayjs": {
      "version": "1.8.31",
      "resolved": "https://registry.npmjs.org/dayjs/-/dayjs-1.8.31.tgz",
      "integrity": "sha512-mPh1mslned+5PuIuiUfbw4CikHk6AEAf2Baxih+wP5fssv+wmlVhvgZ7mq+BhLt7Sr/Hc8leWDiwe6YnrpNt3g=="
    },
    "moment": {
      "version": "2.27.0",
      "resolved": "https://registry.npmjs.org/moment/-/moment-2.27.0.tgz",
      "integrity": "sha512-al0MUK7cpIcglMv3YF13qSgdAIqxHTO7brRtaz3DlSULbqfazqkc5kEjNrLDOM7fsjshoFIihnU8snrP7zUvhQ=="
    }
  }
}
